
Microsoft Visual Studio Solution File, Format Version 12.00
# Visual Studio Version 17
VisualStudioVersion = 17.4.33103.184
MinimumVisualStudioVersion = 10.0.40219.1
Project("{8BC9CEB8-8B4A-11D0-8D11-00A0C91BC942}") = "x01", "x01\x01.vcxproj", "{9EA69E07-2FC5-4D2B-9E7F-99F0B9D7A852}"
EndProject
Project("{8BC9CEB8-8B4A-11D0-8D11-00A0C91BC942}") = "References", "References\References.vcxproj", "{E4822340-3310-4338-A443-A70A1C7AC965}"
EndProject
Global
	GlobalSection(SolutionConfigurationPlatforms) = preSolution
		Debug|x64 = Debug|x64
		Debug|x86 = Debug|x86
		Release|x64 = Release|x64
		Release|x86 = Release|x86
	EndGlobalSection
	GlobalSection(ProjectConfigurationPlatforms) = postSolution
		{9EA69E07-2FC5-4D2B-9E7F-99F0B9D7A852}.Debug|x64.ActiveCfg = Debug|x64
		{9EA69E07-2FC5-4D2B-9E7F-99F0B9D7A852}.Debug|x64.Build.0 = Debug|x64
		{9EA69E07-2FC5-4D2B-9E7F-99F0B9D7A852}.Debug|x86.ActiveCfg = Debug|Win32
		{9EA69E07-2FC5-4D2B-9E7F-99F0B9D7A852}.Debug|x86.Build.0 = Debug|Win32
		{9EA69E07-2FC5-4D2B-9E7F-99F0B9D7A852}.Release|x64.ActiveCfg = Release|x64
		{9EA69E07-2FC5-4D2B-9E7F-99F0B9D7A852}.Release|x64.Build.0 = Release|x64
		{9EA69E07-2FC5-4D2B-9E7F-99F0B9D7A852}.Release|x86.ActiveCfg = Release|Win32
		{9EA69E07-2FC5-4D2B-9E7F-99F0B9D7A852}.Release|x86.Build.0 = Release|Win32
		{E4822340-3310-4338-A443-A70A1C7AC965}.Debug|x64.ActiveCfg = Debug|x64
		{E4822340-3310-4338-A443-A70A1C7AC965}.Debug|x64.Build.0 = Debug|x64
		{E4822340-3310-4338-A443-A70A1C7AC965}.Debug|x86.ActiveCfg = Debug|Win32
		{E4822340-3310-4338-A443-A70A1C7AC965}.Debug|x86.Build.0 = Debug|Win32
		{E4822340-3310-4338-A443-A70A1C7AC965}.Release|x64.ActiveCfg = Release|x64
		{E4822340-3310-4338-A443-A70A1C7AC965}.Release|x64.Build.0 = Release|x64
		{E4822340-3310-4338-A443-A70A1C7AC965}.Release|x86.ActiveCfg = Release|Win32
		{E4822340-3310-4338-A443-A70A1C7AC965}.Release|x86.Build.0 = Release|Win32
	EndGlobalSection
	GlobalSection(SolutionProperties) = preSolution
		HideSolutionNode = FALSE
	EndGlobalSection
	GlobalSection(ExtensibilityGlobals) = postSolution
		SolutionGuid = {52800B79-207C-411F-92A4-F6F471FD889B}
	EndGlobalSection
EndGlobal
